
Microsoft Visual Studio Solution File, Format Version 12.00
# Visual Studio Version 17
VisualStudioVersion = 17.14.36603.0
MinimumVisualStudioVersion = 10.0.40219.1
Project("{FAE04EC0-301F-11D3-BF4B-00C04F79EFBC}") = "ReportsAPI", "ReportsAPI.csproj", "{8F5F59C6-A75B-4188-B913-762EFBEB4D00}"
EndProject
Project("{FAE04EC0-301F-11D3-BF4B-00C04F79EFBC}") = "ReportsAPIServices", "..\ReportsAPIServices\ReportsAPIServices.csproj", "{1D10F50F-5C26-48E5-A2CF-31EB9AB517D1}"
EndProject
Global
	GlobalSection(SolutionConfigurationPlatforms) = preSolution
		Debug|Any CPU = Debug|Any CPU
		Release|Any CPU = Release|Any CPU
	EndGlobalSection
	GlobalSection(ProjectConfigurationPlatforms) = postSolution
		{8F5F59C6-A75B-4188-B913-762EFBEB4D00}.Debug|Any CPU.ActiveCfg = Debug|Any CPU
		{8F5F59C6-A75B-4188-B913-762EFBEB4D00}.Debug|Any CPU.Build.0 = Debug|Any CPU
		{8F5F59C6-A75B-4188-B913-762EFBEB4D00}.Release|Any CPU.ActiveCfg = Release|Any CPU
		{8F5F59C6-A75B-4188-B913-762EFBEB4D00}.Release|Any CPU.Build.0 = Release|Any CPU
		{1D10F50F-5C26-48E5-A2CF-31EB9AB517D1}.Debug|Any CPU.ActiveCfg = Debug|Any CPU
		{1D10F50F-5C26-48E5-A2CF-31EB9AB517D1}.Debug|Any CPU.Build.0 = Debug|Any CPU
		{1D10F50F-5C26-48E5-A2CF-31EB9AB517D1}.Release|Any CPU.ActiveCfg = Release|Any CPU
		{1D10F50F-5C26-48E5-A2CF-31EB9AB517D1}.Release|Any CPU.Build.0 = Release|Any CPU
	EndGlobalSection
	GlobalSection(SolutionProperties) = preSolution
		HideSolutionNode = FALSE
	EndGlobalSection
	GlobalSection(ExtensibilityGlobals) = postSolution
		SolutionGuid = {5DE55FB5-E1B1-4405-B088-2ABC4BEE586B}
	EndGlobalSection
EndGlobal
